{
    "_readme": [
        "This file locks the dependencies of your project to a known state",
        "Read more about it at https://getcomposer.org/doc/01-basic-usage.md#installing-dependencies",
        "This file is @generated automatically"
    ],
    "content-hash": "8e0ff37219584f2b20add5423b4de58d",
    "packages": [
        {
            "name": "cascata/framework-patterns",
            "version": "v1.1.3",
            "source": {
                "type": "git",
                "url": "https://github.com/Jo1oPedro/frameworkPackage.git",
                "reference": "f4afa1c9c26d5c29ac884234c620e6fade246e96"
            },
            "dist": {
                "type": "zip",
                "url": "https://api.github.com/repos/Jo1oPedro/frameworkPackage/zipball/f4afa1c9c26d5c29ac884234c620e6fade246e96",
                "reference": "f4afa1c9c26d5c29ac884234c620e6fade246e96",
                "shasum": ""
            },
            "require": {
                "nikic/fast-route": "^1.3"
            },
            "require-dev": {
                "symfony/var-dumper": "^6.3"
            },
            "type": "library",
            "autoload": {
                "psr-4": {
                    "Cascata\\Framework\\": "src/"
                }
            },
            "license": [
                "proprietary"
            ],
            "authors": [
                {
                    "name": "cascata",
                    "email": "joao.pedreira@estudante.ufjf.br"
                }
            ],
            "description": "description",
            "support": {
                "source": "https://github.com/Jo1oPedro/frameworkPackage/tree/v1.1.3",
                "issues": "https://github.com/Jo1oPedro/frameworkPackage/issues"
            },
            "time": "2023-11-22T03:15:23+00:00"
        },
        {
            "name": "nikic/fast-route",
            "version": "v1.x-dev",
            "source": {
                "type": "git",
                "url": "https://github.com/nikic/FastRoute.git",
                "reference": "4012884e0b916e1bd895a5061d4abc3c99e283a4"
            },
            "dist": {
                "type": "zip",
                "url": "https://api.github.com/repos/nikic/FastRoute/zipball/4012884e0b916e1bd895a5061d4abc3c99e283a4",
                "reference": "4012884e0b916e1bd895a5061d4abc3c99e283a4",
                "shasum": ""
            },
            "require": {
                "php": ">=5.4.0"
            },
            "require-dev": {
                "phpunit/phpunit": "^4.8.35|~5.7"
            },
            "type": "library",
            "autoload": {
                "files": [
                    "src/functions.php"
                ],
                "psr-4": {
                    "FastRoute\\": "src/"
                }
            },
            "notification-url": "https://packagist.org/downloads/",
            "license": [
                "BSD-3-Clause"
            ],
            "authors": [
                {
                    "name": "Nikita Popov",
                    "email": "nikic@php.net"
                }
            ],
            "description": "Fast request router for PHP",
            "keywords": [
                "router",
                "routing"
            ],
            "support": {
                "issues": "https://github.com/nikic/FastRoute/issues",
                "source": "https://github.com/nikic/FastRoute/tree/v1.x"
            },
            "time": "2019-12-20T12:15:33+00:00"
        }
    ],
    "packages-dev": [],
    "aliases": [],
    "minimum-stability": "dev",
    "stability-flags": [],
    "prefer-stable": false,
    "prefer-lowest": false,
    "platform": [],
    "platform-dev": [],
    "plugin-api-version": "2.6.0"
}
